{
  "name": "tablet-server",
  "version": "1.0.0",
  "lockfileVersion": 1,
  "requires": true,
  "dependencies": {
    "msfs-simconnect-nodejs": {
      "version": "0.0.1",
      "resolved": "https://registry.npmjs.org/msfs-simconnect-nodejs/-/msfs-simconnect-nodejs-0.0.1.tgz",
      "integrity": "sha512-SOcZGPDiWXejOG9ts8+1nEZPH4HBV9YAgrwz79Rxj8GrYpU5tEF/c1Ru4QI1So0QT6Ma8v4JCaFCqVV1RjWSoQ==",
      "requires": {
        "nan": "^2.14.0"
      }
    },
    "nan": {
      "version": "2.16.0",
      "resolved": "https://registry.npmjs.org/nan/-/nan-2.16.0.tgz",
      "integrity": "sha512-UdAqHyFngu7TfQKsCBgAA6pWDkT8MAO7d0jyOecVhN5354xbLqdn8mV9Tat9gepAupm0bt2DbeaSC8vS52MuFA=="
    },
    "node-addon-api": {
      "version": "2.0.2",
      "resolved": "https://registry.npmjs.org/node-addon-api/-/node-addon-api-2.0.2.tgz",
      "integrity": "sha512-Ntyt4AIXyaLIuMHF6IOoTakB3K+RWxwtsHNRxllEoA6vPwP9o4866g6YWDLUdnucilZhmkxiHwHr11gAENw+QA=="
    },
    "vjoy": {
      "version": "1.2.2",
      "resolved": "https://registry.npmjs.org/vjoy/-/vjoy-1.2.2.tgz",
      "integrity": "sha512-fVlMJjClbxz2eYYEMD60kFa1X4I9IojljIHrlq3k7JncfWJM/Iwiwj/ZcLaq9XAzdWu/iogeB6PM6QJVyNhoNw==",
      "requires": {
        "node-addon-api": "^2.0.2"
      }
    }
  }
}
